Microsoft Visual Studio Solution File, Format Version 12.00
# Visual Studio Version 17
VisualStudioVersion = 17.0.31903.59
MinimumVisualStudioVersion = 10.0.40219.1
Project("{8BC9CEB8-8B4A-11D0-8D11-00A0C91BC942}") = "AppProject", "AppProject\AppProject.vcxproj", "{92706C4A-2D2A-48CA-86E6-305D93E60ED7}"
EndProject
Project("{8BC9CEB8-8B4A-11D0-8D11-00A0C91BC942}") = "QtProject", "QtProject\QtProject.vcxproj", "{E3CE3FB0-E402-45D3-90E2-D04A7A46EDAA}"
EndProject
Project("{8BC9CEB8-8B4A-11D0-8D11-00A0C91BC942}") = "OpenCASCADEViewer", "OpenCASCADEViewer\OpenCASCADEViewer.vcxproj", "{96A2E68F-A4AA-4120-9529-5225F77A02FE}"
EndProject
Project("{8BC9CEB8-8B4A-11D0-8D11-00A0C91BC942}") = "MemoryProject", "MemoryProject\MemoryProject.vcxproj", "{D4E6A1B3-1234-5678-ABCD-1234567890AB}"
EndProject
Project("{8BC9CEB8-8B4A-11D0-8D11-00A0C91BC942}") = "QtCalc", "QtCalc\QtCalc.vcxproj", "{A1B2C3D4-E5F6-7890-ABCD-EF1234567890}"
EndProject
Project("{8BC9CEB8-8B4A-11D0-8D11-00A0C91BC942}") = "PCDProject", "PCDProject\PCDProject.vcxproj", "{D4A1E5F3-1234-4567-89AB-CDEF12345678}"
EndProject
Global
	GlobalSection(SolutionConfigurationPlatforms) = preSolution
		Debug|x64 = Debug|x64
		Release|x64 = Release|x64
	EndGlobalSection
	GlobalSection(ProjectConfigurationPlatforms) = postSolution
		{92706C4A-2D2A-48CA-86E6-305D93E60ED7}.Debug|x64.ActiveCfg = Debug|x64
		{92706C4A-2D2A-48CA-86E6-305D93E60ED7}.Debug|x64.Build.0 = Debug|x64
		{92706C4A-2D2A-48CA-86E6-305D93E60ED7}.Release|x64.ActiveCfg = Release|x64
		{92706C4A-2D2A-48CA-86E6-305D93E60ED7}.Release|x64.Build.0 = Release|x64
		{E3CE3FB0-E402-45D3-90E2-D04A7A46EDAA}.Debug|x64.ActiveCfg = Debug|x64
		{E3CE3FB0-E402-45D3-90E2-D04A7A46EDAA}.Debug|x64.Build.0 = Debug|x64
		{E3CE3FB0-E402-45D3-90E2-D04A7A46EDAA}.Release|x64.ActiveCfg = Release|x64
		{E3CE3FB0-E402-45D3-90E2-D04A7A46EDAA}.Release|x64.Build.0 = Release|x64
		{96A2E68F-A4AA-4120-9529-5225F77A02FE}.Debug|x64.ActiveCfg = Debug|x64
		{96A2E68F-A4AA-4120-9529-5225F77A02FE}.Debug|x64.Build.0 = Debug|x64
		{96A2E68F-A4AA-4120-9529-5225F77A02FE}.Release|x64.ActiveCfg = Release|x64
		{96A2E68F-A4AA-4120-9529-5225F77A02FE}.Release|x64.Build.0 = Release|x64
		{D4E6A1B3-1234-5678-ABCD-1234567890AB}.Debug|x64.ActiveCfg = Debug|x64
		{D4E6A1B3-1234-5678-ABCD-1234567890AB}.Debug|x64.Build.0 = Debug|x64
		{D4E6A1B3-1234-5678-ABCD-1234567890AB}.Release|x64.ActiveCfg = Release|x64
		{D4E6A1B3-1234-5678-ABCD-1234567890AB}.Release|x64.Build.0 = Release|x64
		{A1B2C3D4-E5F6-7890-ABCD-EF1234567890}.Debug|x64.ActiveCfg = Debug|x64
		{A1B2C3D4-E5F6-7890-ABCD-EF1234567890}.Debug|x64.Build.0 = Debug|x64
		{A1B2C3D4-E5F6-7890-ABCD-EF1234567890}.Release|x64.ActiveCfg = Release|x64
		{A1B2C3D4-E5F6-7890-ABCD-EF1234567890}.Release|x64.Build.0 = Release|x64
		{D4A1E5F3-1234-4567-89AB-CDEF12345678}.Debug|x64.ActiveCfg = Debug|x64
		{D4A1E5F3-1234-4567-89AB-CDEF12345678}.Debug|x64.Build.0 = Debug|x64
		{D4A1E5F3-1234-4567-89AB-CDEF12345678}.Release|x64.ActiveCfg = Release|x64
		{D4A1E5F3-1234-4567-89AB-CDEF12345678}.Release|x64.Build.0 = Release|x64
	EndGlobalSection
	GlobalSection(SolutionProperties) = preSolution
		HideSolutionNode = FALSE
	EndGlobalSection
EndGlobal
